
Microsoft Visual Studio Solution File, Format Version 12.00
# Visual Studio Version 17
VisualStudioVersion = 17.0.31903.59
MinimumVisualStudioVersion = 10.0.40219.1
Project("{FAE04EC0-301F-11D3-BF4B-00C04F79EFBC}") = "OptionalObjects", "OptionalObjects\OptionalObjects.csproj", "{B43ED7A9-E235-498E-BDF5-E8C5CCCC8160}"
EndProject
Project("{FAE04EC0-301F-11D3-BF4B-00C04F79EFBC}") = "RolesAndEntityFramework", "RolesAndEntityFramework\RolesAndEntityFramework.csproj", "{200D328C-3258-4519-98E4-095488F70836}"
EndProject
Global
	GlobalSection(SolutionConfigurationPlatforms) = preSolution
		Debug|Any CPU = Debug|Any CPU
		Release|Any CPU = Release|Any CPU
	EndGlobalSection
	GlobalSection(SolutionProperties) = preSolution
		HideSolutionNode = FALSE
	EndGlobalSection
	GlobalSection(ProjectConfigurationPlatforms) = postSolution
		{B43ED7A9-E235-498E-BDF5-E8C5CCCC8160}.Debug|Any CPU.ActiveCfg = Debug|Any CPU
		{B43ED7A9-E235-498E-BDF5-E8C5CCCC8160}.Debug|Any CPU.Build.0 = Debug|Any CPU
		{B43ED7A9-E235-498E-BDF5-E8C5CCCC8160}.Release|Any CPU.ActiveCfg = Release|Any CPU
		{B43ED7A9-E235-498E-BDF5-E8C5CCCC8160}.Release|Any CPU.Build.0 = Release|Any CPU
		{200D328C-3258-4519-98E4-095488F70836}.Debug|Any CPU.ActiveCfg = Debug|Any CPU
		{200D328C-3258-4519-98E4-095488F70836}.Debug|Any CPU.Build.0 = Debug|Any CPU
		{200D328C-3258-4519-98E4-095488F70836}.Release|Any CPU.ActiveCfg = Release|Any CPU
		{200D328C-3258-4519-98E4-095488F70836}.Release|Any CPU.Build.0 = Release|Any CPU
	EndGlobalSection
EndGlobal
